
Microsoft Visual Studio Solution File, Format Version 12.00
# Visual Studio Version 17
VisualStudioVersion = 17.3.32825.248
MinimumVisualStudioVersion = 10.0.40219.1
Project("{FAE04EC0-301F-11D3-BF4B-00C04F79EFBC}") = "GenericRepositoryPatternTemplate.Api", "GenericRepositoryPatternTemplate.Api\GenericRepositoryPatternTemplate.Api.csproj", "{099FEE28-9B58-4F13-A2D9-BF6E82DD56DA}"
EndProject
Project("{FAE04EC0-301F-11D3-BF4B-00C04F79EFBC}") = "GenericRepositoryPatternTemplate.WebApp", "GenericRepositoryPatternTemplate.WebApp\GenericRepositoryPatternTemplate.WebApp.csproj", "{AE96AFF5-E434-4BF3-84D8-E941B430DC45}"
EndProject
Project("{FAE04EC0-301F-11D3-BF4B-00C04F79EFBC}") = "GenericRepositoryPatternTemplate.Model", "GenericRepositoryPatternTemplate.Model\GenericRepositoryPatternTemplate.Model.csproj", "{DCF13F98-F550-45D1-8570-8984A77CFAD1}"
EndProject
Project("{FAE04EC0-301F-11D3-BF4B-00C04F79EFBC}") = "GenericRepositoryPatternTemplate.Repository", "GenericRepositoryPatternTemplate.Repository\GenericRepositoryPatternTemplate.Repository.csproj", "{61F8C07B-2668-4F6A-A6FF-990D09733B90}"
EndProject
Project("{FAE04EC0-301F-11D3-BF4B-00C04F79EFBC}") = "GenericRepositoryPatternTemplate.Service", "GenericRepositoryPatternTemplate.Service\GenericRepositoryPatternTemplate.Service.csproj", "{745EBD1F-041E-4B5B-9FF2-A31477870085}"
EndProject
Project("{FAE04EC0-301F-11D3-BF4B-00C04F79EFBC}") = "GenericRepositoryPatternTemplate.Helper", "GenericRepositoryPatternTemplate.Helper\GenericRepositoryPatternTemplate.Helper.csproj", "{B27F0693-B93F-4AAA-9885-62C6534876A9}"
EndProject
Global
	GlobalSection(SolutionConfigurationPlatforms) = preSolution
		Debug|Any CPU = Debug|Any CPU
		Release|Any CPU = Release|Any CPU
	EndGlobalSection
	GlobalSection(ProjectConfigurationPlatforms) = postSolution
		{099FEE28-9B58-4F13-A2D9-BF6E82DD56DA}.Debug|Any CPU.ActiveCfg = Debug|Any CPU
		{099FEE28-9B58-4F13-A2D9-BF6E82DD56DA}.Debug|Any CPU.Build.0 = Debug|Any CPU
		{099FEE28-9B58-4F13-A2D9-BF6E82DD56DA}.Release|Any CPU.ActiveCfg = Release|Any CPU
		{099FEE28-9B58-4F13-A2D9-BF6E82DD56DA}.Release|Any CPU.Build.0 = Release|Any CPU
		{AE96AFF5-E434-4BF3-84D8-E941B430DC45}.Debug|Any CPU.ActiveCfg = Debug|Any CPU
		{AE96AFF5-E434-4BF3-84D8-E941B430DC45}.Debug|Any CPU.Build.0 = Debug|Any CPU
		{AE96AFF5-E434-4BF3-84D8-E941B430DC45}.Release|Any CPU.ActiveCfg = Release|Any CPU
		{AE96AFF5-E434-4BF3-84D8-E941B430DC45}.Release|Any CPU.Build.0 = Release|Any CPU
		{DCF13F98-F550-45D1-8570-8984A77CFAD1}.Debug|Any CPU.ActiveCfg = Debug|Any CPU
		{DCF13F98-F550-45D1-8570-8984A77CFAD1}.Debug|Any CPU.Build.0 = Debug|Any CPU
		{DCF13F98-F550-45D1-8570-8984A77CFAD1}.Release|Any CPU.ActiveCfg = Release|Any CPU
		{DCF13F98-F550-45D1-8570-8984A77CFAD1}.Release|Any CPU.Build.0 = Release|Any CPU
		{61F8C07B-2668-4F6A-A6FF-990D09733B90}.Debug|Any CPU.ActiveCfg = Debug|Any CPU
		{61F8C07B-2668-4F6A-A6FF-990D09733B90}.Debug|Any CPU.Build.0 = Debug|Any CPU
		{61F8C07B-2668-4F6A-A6FF-990D09733B90}.Release|Any CPU.ActiveCfg = Release|Any CPU
		{61F8C07B-2668-4F6A-A6FF-990D09733B90}.Release|Any CPU.Build.0 = Release|Any CPU
		{745EBD1F-041E-4B5B-9FF2-A31477870085}.Debug|Any CPU.ActiveCfg = Debug|Any CPU
		{745EBD1F-041E-4B5B-9FF2-A31477870085}.Debug|Any CPU.Build.0 = Debug|Any CPU
		{745EBD1F-041E-4B5B-9FF2-A31477870085}.Release|Any CPU.ActiveCfg = Release|Any CPU
		{745EBD1F-041E-4B5B-9FF2-A31477870085}.Release|Any CPU.Build.0 = Release|Any CPU
		{B27F0693-B93F-4AAA-9885-62C6534876A9}.Debug|Any CPU.ActiveCfg = Debug|Any CPU
		{B27F0693-B93F-4AAA-9885-62C6534876A9}.Debug|Any CPU.Build.0 = Debug|Any CPU
		{B27F0693-B93F-4AAA-9885-62C6534876A9}.Release|Any CPU.ActiveCfg = Release|Any CPU
		{B27F0693-B93F-4AAA-9885-62C6534876A9}.Release|Any CPU.Build.0 = Release|Any CPU
	EndGlobalSection
	GlobalSection(SolutionProperties) = preSolution
		HideSolutionNode = FALSE
	EndGlobalSection
	GlobalSection(ExtensibilityGlobals) = postSolution
		SolutionGuid = {64861759-9272-426F-AC2B-094F35358669}
	EndGlobalSection
EndGlobal
